<?xml version="1.0" encoding="utf-8"?>
<Project ToolsVersion="4.0" xmlns="http://schemas.microsoft.com/developer/msbuild/2003">
  <ItemGroup>
    <Filter Include="Source Files">
      <UniqueIdentifier>{4FC737F1-C7A5-4376-A066-2A32D752A2FF}</UniqueIdentifier>
      <Extensions>cpp;c;cc;cxx;c++;cppm;ixx;def;odl;idl;hpj;bat;asm;asmx</Extensions>
    </Filter>
    <Filter Include="Header Files">
      <UniqueIdentifier>{93995380-89BD-4b04-88EB-625FBE52EBFB}</UniqueIdentifier>
      <Extensions>h;hh;hpp;hxx;h++;hm;inl;inc;ipp;xsd</Extensions>
    </Filter>
    <Filter Include="Resource Files">
      <UniqueIdentifier>{67DA6AB6-F800-4c08-8B7A-83BB121AAD01}</UniqueIdentifier>
      <Extensions>rc;ico;cur;bmp;dlg;rc2;rct;bin;rgs;gif;jpg;jpeg;jpe;resx;tiff;tif;png;wav;mfcribbon-ms</Extensions>
    </Filter>
    <Filter Include="Source Files\Fruit">
      <UniqueIdentifier>{736a7b3b-05e0-4774-b10f-a5e0204b1ba3}</UniqueIdentifier>
    </Filter>
    <Filter Include="Source Files\Program">
      <UniqueIdentifier>{b7a530b9-17ca-4aae-b735-60762c93ea40}</UniqueIdentifier>
    </Filter>
    <Filter Include="Source Files\Snake">
      <UniqueIdentifier>{e4e98fb9-5126-4c24-a23b-a346ae98872f}</UniqueIdentifier>
    </Filter>
    <Filter Include="Header Files\Snake">
      <UniqueIdentifier>{43665172-01a6-4eed-af65-a60e7e45e257}</UniqueIdentifier>
    </Filter>
    <Filter Include="Header Files\Program">
      <UniqueIdentifier>{a3063428-e740-409f-a340-978cb3ea195d}</UniqueIdentifier>
    </Filter>
    <Filter Include="Header Files\Fruit">
      <UniqueIdentifier>{f80d58a6-0ddf-4a67-bb7c-8023d3db5a59}</UniqueIdentifier>
    </Filter>
  </ItemGroup>
  <ItemGroup>
    <ClCompile Include="main.cpp">
      <Filter>Source Files</Filter>
    </ClCompile>
    <ClCompile Include="Default_fruit.cpp">
      <Filter>Source Files\Fruit</Filter>
    </ClCompile>
    <ClCompile Include="Speed_fruit.cpp">
      <Filter>Source Files\Fruit</Filter>
    </ClCompile>
    <ClCompile Include="Big_fruit.cpp">
      <Filter>Source Files\Fruit</Filter>
    </ClCompile>
    <ClCompile Include="Fruit.cpp">
      <Filter>Source Files\Fruit</Filter>
    </ClCompile>
    <ClCompile Include="game_controller.cpp">
      <Filter>Source Files\Program</Filter>
    </ClCompile>
    <ClCompile Include="game_model.cpp">
      <Filter>Source Files\Program</Filter>
    </ClCompile>
    <ClCompile Include="game_view.cpp">
      <Filter>Source Files\Program</Filter>
    </ClCompile>
    <ClCompile Include="Input.cpp">
      <Filter>Source Files\Program</Filter>
    </ClCompile>
    <ClCompile Include="Collisions.cpp">
      <Filter>Source Files\Snake</Filter>
    </ClCompile>
    <ClCompile Include="Snake.cpp">
      <Filter>Source Files\Snake</Filter>
    </ClCompile>
  </ItemGroup>
  <ItemGroup>
    <ClInclude Include="Collisions.h">
      <Filter>Header Files\Snake</Filter>
    </ClInclude>
    <ClInclude Include="Fruit.h">
      <Filter>Header Files\Fruit</Filter>
    </ClInclude>
    <ClInclude Include="Big_fruit.h">
      <Filter>Header Files\Fruit</Filter>
    </ClInclude>
    <ClInclude Include="game_controller.h">
      <Filter>Header Files\Program</Filter>
    </ClInclude>
    <ClInclude Include="game_model.h">
      <Filter>Header Files\Program</Filter>
    </ClInclude>
    <ClInclude Include="game_view.h">
      <Filter>Header Files\Program</Filter>
    </ClInclude>
    <ClInclude Include="Input.h">
      <Filter>Header Files\Program</Filter>
    </ClInclude>
    <ClInclude Include="Default_fruit.h">
      <Filter>Header Files\Fruit</Filter>
    </ClInclude>
    <ClInclude Include="Snake.h">
      <Filter>Header Files\Snake</Filter>
    </ClInclude>
    <ClInclude Include="Speed_fruit.h">
      <Filter>Header Files\Fruit</Filter>
    </ClInclude>
  </ItemGroup>
</Project>